// !$*UTF8*$!
{
	archiveVersion = 1;
	classes = {
	};
	objectVersion = 55;
	objects = {

/* Begin PBXBuildFile section */
		37277736287812040031B47D /* QuizCompletedView.swift in Sources */ = {isa = PBXBuildFile; fileRef = 37277735287812040031B47D /* QuizCompletedView.swift */; };
		3727773A287958990031B47D /* PrimaryButton.swift in Sources */ = {isa = PBXBuildFile; fileRef = 37277739287958990031B47D /* PrimaryButton.swift */; };
		3727773D28795E0C0031B47D /* TriviaContentView.swift in Sources */ = {isa = PBXBuildFile; fileRef = 3727773C28795E0C0031B47D /* TriviaContentView.swift */; };
		3727773F287964FC0031B47D /* Extension.swift in Sources */ = {isa = PBXBuildFile; fileRef = 3727773E287964FC0031B47D /* Extension.swift */; };
		375545FE287DC8DF007B6AA5 /* QuizTestContentView.swift in Sources */ = {isa = PBXBuildFile; fileRef = 375545FD287DC8DF007B6AA5 /* QuizTestContentView.swift */; };
		37554600287DCD68007B6AA5 /* Quiz1.swift in Sources */ = {isa = PBXBuildFile; fileRef = 375545FF287DCD68007B6AA5 /* Quiz1.swift */; };
		37554602287E06DF007B6AA5 /* SimpleQuizModel.swift in Sources */ = {isa = PBXBuildFile; fileRef = 37554601287E06DF007B6AA5 /* SimpleQuizModel.swift */; };
		375E9D8D287969EC00A76022 /* QuestionView.swift in Sources */ = {isa = PBXBuildFile; fileRef = 375E9D8C287969EC00A76022 /* QuestionView.swift */; };
		375E9D8F28796C1100A76022 /* ProgressBar.swift in Sources */ = {isa = PBXBuildFile; fileRef = 375E9D8E28796C1100A76022 /* ProgressBar.swift */; };
		375E9D9228797D9600A76022 /* Answer.swift in Sources */ = {isa = PBXBuildFile; fileRef = 375E9D9128797D9600A76022 /* Answer.swift */; };
		375E9D9428797E8600A76022 /* AnswerRow.swift in Sources */ = {isa = PBXBuildFile; fileRef = 375E9D9328797E8600A76022 /* AnswerRow.swift */; };
		375E9D962879942D00A76022 /* TriviaView.swift in Sources */ = {isa = PBXBuildFile; fileRef = 375E9D952879942D00A76022 /* TriviaView.swift */; };
		375E9D982879989200A76022 /* Trivia.swift in Sources */ = {isa = PBXBuildFile; fileRef = 375E9D972879989200A76022 /* Trivia.swift */; };
		375E9D9A2879CDEC00A76022 /* TriviaManager.swift in Sources */ = {isa = PBXBuildFile; fileRef = 375E9D992879CDEC00A76022 /* TriviaManager.swift */; };
		3776094C28801C48004AEA7E /* FinalView.swift in Sources */ = {isa = PBXBuildFile; fileRef = 3776094B28801C48004AEA7E /* FinalView.swift */; };
		3776094F28807E6A004AEA7E /* FirebaseQuizAppContentView.swift in Sources */ = {isa = PBXBuildFile; fileRef = 3776094E28807E6A004AEA7E /* FirebaseQuizAppContentView.swift */; };
		37760953288081A4004AEA7E /* firebaseHome.swift in Sources */ = {isa = PBXBuildFile; fileRef = 37760952288081A4004AEA7E /* firebaseHome.swift */; };
		3776095528811396004AEA7E /* QA.swift in Sources */ = {isa = PBXBuildFile; fileRef = 3776095428811396004AEA7E /* QA.swift */; };
		3776095828814788004AEA7E /* SwiftUIContentView.swift in Sources */ = {isa = PBXBuildFile; fileRef = 3776095728814788004AEA7E /* SwiftUIContentView.swift */; };
		378D973D2876BB3C00BDE4FA /* QuizAppApp.swift in Sources */ = {isa = PBXBuildFile; fileRef = 378D973C2876BB3C00BDE4FA /* QuizAppApp.swift */; };
		378D973F2876BB3C00BDE4FA /* ContentView.swift in Sources */ = {isa = PBXBuildFile; fileRef = 378D973E2876BB3C00BDE4FA /* ContentView.swift */; };
		378D97412876BB3E00BDE4FA /* Assets.xcassets in Resources */ = {isa = PBXBuildFile; fileRef = 378D97402876BB3E00BDE4FA /* Assets.xcassets */; };
		378D97442876BB3E00BDE4FA /* Preview Assets.xcassets in Resources */ = {isa = PBXBuildFile; fileRef = 378D97432876BB3E00BDE4FA /* Preview Assets.xcassets */; };
		378D974E2876BBCF00BDE4FA /* QuizModel.swift in Sources */ = {isa = PBXBuildFile; fileRef = 378D974D2876BBCF00BDE4FA /* QuizModel.swift */; };
		378D97502877159F00BDE4FA /* ReuseableText.swift in Sources */ = {isa = PBXBuildFile; fileRef = 378D974F2877159F00BDE4FA /* ReuseableText.swift */; };
		378D97522877175100BDE4FA /* GameManagerVM.swift in Sources */ = {isa = PBXBuildFile; fileRef = 378D97512877175100BDE4FA /* GameManagerVM.swift */; };
		378D97542877213700BDE4FA /* OptionGridView.swift in Sources */ = {isa = PBXBuildFile; fileRef = 378D97532877213700BDE4FA /* OptionGridView.swift */; };
		37B1896E28818B70000A3411 /* SwiftQuestion.swift in Sources */ = {isa = PBXBuildFile; fileRef = 37B1896D28818B70000A3411 /* SwiftQuestion.swift */; };
		37B189702881B23B000A3411 /* BottomText.swift in Sources */ = {isa = PBXBuildFile; fileRef = 37B1896F2881B23B000A3411 /* BottomText.swift */; };
/* End PBXBuildFile section */

/* Begin PBXFileReference section */
		37277735287812040031B47D /* QuizCompletedView.swift */ = {isa = PBXFileReference; lastKnownFileType = sourcecode.swift; path = QuizCompletedView.swift; sourceTree = "<group>"; };
		37277739287958990031B47D /* PrimaryButton.swift */ = {isa = PBXFileReference; lastKnownFileType = sourcecode.swift; path = PrimaryButton.swift; sourceTree = "<group>"; };
		3727773C28795E0C0031B47D /* TriviaContentView.swift */ = {isa = PBXFileReference; lastKnownFileType = sourcecode.swift; path = TriviaContentView.swift; sourceTree = "<group>"; };
		3727773E287964FC0031B47D /* Extension.swift */ = {isa = PBXFileReference; lastKnownFileType = sourcecode.swift; path = Extension.swift; sourceTree = "<group>"; };
		375545FD287DC8DF007B6AA5 /* QuizTestContentView.swift */ = {isa = PBXFileReference; lastKnownFileType = sourcecode.swift; path = QuizTestContentView.swift; sourceTree = "<group>"; };
		375545FF287DCD68007B6AA5 /* Quiz1.swift */ = {isa = PBXFileReference; lastKnownFileType = sourcecode.swift; path = Quiz1.swift; sourceTree = "<group>"; };
		37554601287E06DF007B6AA5 /* SimpleQuizModel.swift */ = {isa = PBXFileReference; lastKnownFileType = sourcecode.swift; path = SimpleQuizModel.swift; sourceTree = "<group>"; };
		375E9D8C287969EC00A76022 /* QuestionView.swift */ = {isa = PBXFileReference; lastKnownFileType = sourcecode.swift; path = QuestionView.swift; sourceTree = "<group>"; };
		375E9D8E28796C1100A76022 /* ProgressBar.swift */ = {isa = PBXFileReference; lastKnownFileType = sourcecode.swift; path = ProgressBar.swift; sourceTree = "<group>"; };
		375E9D9128797D9600A76022 /* Answer.swift */ = {isa = PBXFileReference; lastKnownFileType = sourcecode.swift; path = Answer.swift; sourceTree = "<group>"; };
		375E9D9328797E8600A76022 /* AnswerRow.swift */ = {isa = PBXFileReference; lastKnownFileType = sourcecode.swift; path = AnswerRow.swift; sourceTree = "<group>"; };
		375E9D952879942D00A76022 /* TriviaView.swift */ = {isa = PBXFileReference; lastKnownFileType = sourcecode.swift; path = TriviaView.swift; sourceTree = "<group>"; };
		375E9D972879989200A76022 /* Trivia.swift */ = {isa = PBXFileReference; lastKnownFileType = sourcecode.swift; path = Trivia.swift; sourceTree = "<group>"; };
		375E9D992879CDEC00A76022 /* TriviaManager.swift */ = {isa = PBXFileReference; lastKnownFileType = sourcecode.swift; path = TriviaManager.swift; sourceTree = "<group>"; };
		3776094B28801C48004AEA7E /* FinalView.swift */ = {isa = PBXFileReference; lastKnownFileType = sourcecode.swift; path = FinalView.swift; sourceTree = "<group>"; };
		3776094E28807E6A004AEA7E /* FirebaseQuizAppContentView.swift */ = {isa = PBXFileReference; lastKnownFileType = sourcecode.swift; path = FirebaseQuizAppContentView.swift; sourceTree = "<group>"; };
		37760952288081A4004AEA7E /* firebaseHome.swift */ = {isa = PBXFileReference; lastKnownFileType = sourcecode.swift; path = firebaseHome.swift; sourceTree = "<group>"; };
		3776095428811396004AEA7E /* QA.swift */ = {isa = PBXFileReference; lastKnownFileType = sourcecode.swift; path = QA.swift; sourceTree = "<group>"; };
		3776095728814788004AEA7E /* SwiftUIContentView.swift */ = {isa = PBXFileReference; lastKnownFileType = sourcecode.swift; path = SwiftUIContentView.swift; sourceTree = "<group>"; };
		378D97392876BB3C00BDE4FA /* QuizApp.app */ = {isa = PBXFileReference; explicitFileType = wrapper.application; includeInIndex = 0; path = QuizApp.app; sourceTree = BUILT_PRODUCTS_DIR; };
		378D973C2876BB3C00BDE4FA /* QuizAppApp.swift */ = {isa = PBXFileReference; lastKnownFileType = sourcecode.swift; path = QuizAppApp.swift; sourceTree = "<group>"; };
		378D973E2876BB3C00BDE4FA /* ContentView.swift */ = {isa = PBXFileReference; lastKnownFileType = sourcecode.swift; path = ContentView.swift; sourceTree = "<group>"; };
		378D97402876BB3E00BDE4FA /* Assets.xcassets */ = {isa = PBXFileReference; lastKnownFileType = folder.assetcatalog; path = Assets.xcassets; sourceTree = "<group>"; };
		378D97432876BB3E00BDE4FA /* Preview Assets.xcassets */ = {isa = PBXFileReference; lastKnownFileType = folder.assetcatalog; path = "Preview Assets.xcassets"; sourceTree = "<group>"; };
		378D974D2876BBCF00BDE4FA /* QuizModel.swift */ = {isa = PBXFileReference; lastKnownFileType = sourcecode.swift; path = QuizModel.swift; sourceTree = "<group>"; };
		378D974F2877159F00BDE4FA /* ReuseableText.swift */ = {isa = PBXFileReference; lastKnownFileType = sourcecode.swift; path = ReuseableText.swift; sourceTree = "<group>"; };
		378D97512877175100BDE4FA /* GameManagerVM.swift */ = {isa = PBXFileReference; lastKnownFileType = sourcecode.swift; path = GameManagerVM.swift; sourceTree = "<group>"; };
		378D97532877213700BDE4FA /* OptionGridView.swift */ = {isa = PBXFileReference; lastKnownFileType = sourcecode.swift; path = OptionGridView.swift; sourceTree = "<group>"; };
		37B1896D28818B70000A3411 /* SwiftQuestion.swift */ = {isa = PBXFileReference; lastKnownFileType = sourcecode.swift; path = SwiftQuestion.swift; sourceTree = "<group>"; };
		37B1896F2881B23B000A3411 /* BottomText.swift */ = {isa = PBXFileReference; lastKnownFileType = sourcecode.swift; path = BottomText.swift; sourceTree = "<group>"; };
/* End PBXFileReference section */

/* Begin PBXFrameworksBuildPhase section */
		378D97362876BB3C00BDE4FA /* Frameworks */ = {
			isa = PBXFrameworksBuildPhase;
			buildActionMask = 2147483647;
			files = (
			);
			runOnlyForDeploymentPostprocessing = 0;
		};
/* End PBXFrameworksBuildPhase section */

/* Begin PBXGroup section */
		3727773728793C7E0031B47D /* TriviaGameApp */ = {
			isa = PBXGroup;
			children = (
				375E9D9028797D8500A76022 /* Model */,
				3727773B28795DE70031B47D /* Views */,
				372777382879587E0031B47D /* Components */,
				3727773E287964FC0031B47D /* Extension.swift */,
				375E9D992879CDEC00A76022 /* TriviaManager.swift */,
			);
			path = TriviaGameApp;
			sourceTree = "<group>";
		};
		372777382879587E0031B47D /* Components */ = {
			isa = PBXGroup;
			children = (
				37277739287958990031B47D /* PrimaryButton.swift */,
				375E9D8E28796C1100A76022 /* ProgressBar.swift */,
				375E9D9328797E8600A76022 /* AnswerRow.swift */,
			);
			path = Components;
			sourceTree = "<group>";
		};
		3727773B28795DE70031B47D /* Views */ = {
			isa = PBXGroup;
			children = (
				3727773C28795E0C0031B47D /* TriviaContentView.swift */,
				375E9D8C287969EC00A76022 /* QuestionView.swift */,
				375E9D952879942D00A76022 /* TriviaView.swift */,
			);
			path = Views;
			sourceTree = "<group>";
		};
		375545FB287DC8B1007B6AA5 /* QuizTest */ = {
			isa = PBXGroup;
			children = (
				375545FC287DC8C3007B6AA5 /* New Group */,
				375545FD287DC8DF007B6AA5 /* QuizTestContentView.swift */,
				375545FF287DCD68007B6AA5 /* Quiz1.swift */,
				37554601287E06DF007B6AA5 /* SimpleQuizModel.swift */,
				3776094B28801C48004AEA7E /* FinalView.swift */,
			);
			path = QuizTest;
			sourceTree = "<group>";
		};
		375545FC287DC8C3007B6AA5 /* New Group */ = {
			isa = PBXGroup;
			children = (
			);
			path = "New Group";
			sourceTree = "<group>";
		};
		375E9D9028797D8500A76022 /* Model */ = {
			isa = PBXGroup;
			children = (
				375E9D9128797D9600A76022 /* Answer.swift */,
				375E9D972879989200A76022 /* Trivia.swift */,
			);
			path = Model;
			sourceTree = "<group>";
		};
		3776094D28807E10004AEA7E /* FirebaseQuizApp */ = {
			isa = PBXGroup;
			children = (
				3776095628813953004AEA7E /* BuildSwiftUI */,
				3776095128808187004AEA7E /* firebaseView */,
				3776095028808174004AEA7E /* firebaseModel */,
				3776094E28807E6A004AEA7E /* FirebaseQuizAppContentView.swift */,
			);
			path = FirebaseQuizApp;
			sourceTree = "<group>";
		};
		3776095028808174004AEA7E /* firebaseModel */ = {
			isa = PBXGroup;
			children = (
			);
			path = firebaseModel;
			sourceTree = "<group>";
		};
		3776095128808187004AEA7E /* firebaseView */ = {
			isa = PBXGroup;
			children = (
				37760952288081A4004AEA7E /* firebaseHome.swift */,
				3776095428811396004AEA7E /* QA.swift */,
			);
			path = firebaseView;
			sourceTree = "<group>";
		};
		3776095628813953004AEA7E /* BuildSwiftUI */ = {
			isa = PBXGroup;
			children = (
				3776095728814788004AEA7E /* SwiftUIContentView.swift */,
				37B1896D28818B70000A3411 /* SwiftQuestion.swift */,
				37B1896F2881B23B000A3411 /* BottomText.swift */,
			);
			path = BuildSwiftUI;
			sourceTree = "<group>";
		};
		378D97302876BB3C00BDE4FA = {
			isa = PBXGroup;
			children = (
				378D973B2876BB3C00BDE4FA /* QuizApp */,
				378D973A2876BB3C00BDE4FA /* Products */,
			);
			sourceTree = "<group>";
		};
		378D973A2876BB3C00BDE4FA /* Products */ = {
			isa = PBXGroup;
			children = (
				378D97392876BB3C00BDE4FA /* QuizApp.app */,
			);
			name = Products;
			sourceTree = "<group>";
		};
		378D973B2876BB3C00BDE4FA /* QuizApp */ = {
			isa = PBXGroup;
			children = (
				3727773728793C7E0031B47D /* TriviaGameApp */,
				375545FB287DC8B1007B6AA5 /* QuizTest */,
				3776094D28807E10004AEA7E /* FirebaseQuizApp */,
				378D974C2876BBA500BDE4FA /* Models */,
				378D974B2876BB9000BDE4FA /* UIComponents */,
				378D973C2876BB3C00BDE4FA /* QuizAppApp.swift */,
				378D973E2876BB3C00BDE4FA /* ContentView.swift */,
				378D974A2876BB7D00BDE4FA /* ViewModels */,
				378D97402876BB3E00BDE4FA /* Assets.xcassets */,
				378D97422876BB3E00BDE4FA /* Preview Content */,
			);
			path = QuizApp;
			sourceTree = "<group>";
		};
		378D97422876BB3E00BDE4FA /* Preview Content */ = {
			isa = PBXGroup;
			children = (
				378D97432876BB3E00BDE4FA /* Preview Assets.xcassets */,
			);
			path = "Preview Content";
			sourceTree = "<group>";
		};
		378D974A2876BB7D00BDE4FA /* ViewModels */ = {
			isa = PBXGroup;
			children = (
				378D974D2876BBCF00BDE4FA /* QuizModel.swift */,
				378D97512877175100BDE4FA /* GameManagerVM.swift */,
			);
			path = ViewModels;
			sourceTree = "<group>";
		};
		378D974B2876BB9000BDE4FA /* UIComponents */ = {
			isa = PBXGroup;
			children = (
				378D974F2877159F00BDE4FA /* ReuseableText.swift */,
				378D97532877213700BDE4FA /* OptionGridView.swift */,
				37277735287812040031B47D /* QuizCompletedView.swift */,
			);
			path = UIComponents;
			sourceTree = "<group>";
		};
		378D974C2876BBA500BDE4FA /* Models */ = {
			isa = PBXGroup;
			children = (
			);
			path = Models;
			sourceTree = "<group>";
		};
/* End PBXGroup section */

/* Begin PBXNativeTarget section */
		378D97382876BB3C00BDE4FA /* QuizApp */ = {
			isa = PBXNativeTarget;
			buildConfigurationList = 378D97472876BB3E00BDE4FA /* Build configuration list for PBXNativeTarget "QuizApp" */;
			buildPhases = (
				378D97352876BB3C00BDE4FA /* Sources */,
				378D97362876BB3C00BDE4FA /* Frameworks */,
				378D97372876BB3C00BDE4FA /* Resources */,
			);
			buildRules = (
			);
			dependencies = (
			);
			name = QuizApp;
			productName = QuizApp;
			productReference = 378D97392876BB3C00BDE4FA /* QuizApp.app */;
			productType = "com.apple.product-type.application";
		};
/* End PBXNativeTarget section */

/* Begin PBXProject section */
		378D97312876BB3C00BDE4FA /* Project object */ = {
			isa = PBXProject;
			attributes = {
				BuildIndependentTargetsInParallel = 1;
				LastSwiftUpdateCheck = 1340;
				LastUpgradeCheck = 1340;
				TargetAttributes = {
					378D97382876BB3C00BDE4FA = {
						CreatedOnToolsVersion = 13.4;
					};
				};
			};
			buildConfigurationList = 378D97342876BB3C00BDE4FA /* Build configuration list for PBXProject "QuizApp" */;
			compatibilityVersion = "Xcode 13.0";
			developmentRegion = en;
			hasScannedForEncodings = 0;
			knownRegions = (
				en,
				Base,
			);
			mainGroup = 378D97302876BB3C00BDE4FA;
			productRefGroup = 378D973A2876BB3C00BDE4FA /* Products */;
			projectDirPath = "";
			projectRoot = "";
			targets = (
				378D97382876BB3C00BDE4FA /* QuizApp */,
			);
		};
/* End PBXProject section */

/* Begin PBXResourcesBuildPhase section */
		378D97372876BB3C00BDE4FA /* Resources */ = {
			isa = PBXResourcesBuildPhase;
			buildActionMask = 2147483647;
			files = (
				378D97442876BB3E00BDE4FA /* Preview Assets.xcassets in Resources */,
				378D97412876BB3E00BDE4FA /* Assets.xcassets in Resources */,
			);
			runOnlyForDeploymentPostprocessing = 0;
		};
/* End PBXResourcesBuildPhase section */

/* Begin PBXSourcesBuildPhase section */
		378D97352876BB3C00BDE4FA /* Sources */ = {
			isa = PBXSourcesBuildPhase;
			buildActionMask = 2147483647;
			files = (
				37760953288081A4004AEA7E /* firebaseHome.swift in Sources */,
				3776094C28801C48004AEA7E /* FinalView.swift in Sources */,
				37554602287E06DF007B6AA5 /* SimpleQuizModel.swift in Sources */,
				3776094F28807E6A004AEA7E /* FirebaseQuizAppContentView.swift in Sources */,
				378D973F2876BB3C00BDE4FA /* ContentView.swift in Sources */,
				3776095528811396004AEA7E /* QA.swift in Sources */,
				375E9D9A2879CDEC00A76022 /* TriviaManager.swift in Sources */,
				378D97542877213700BDE4FA /* OptionGridView.swift in Sources */,
				37554600287DCD68007B6AA5 /* Quiz1.swift in Sources */,
				378D974E2876BBCF00BDE4FA /* QuizModel.swift in Sources */,
				378D97522877175100BDE4FA /* GameManagerVM.swift in Sources */,
				37B1896E28818B70000A3411 /* SwiftQuestion.swift in Sources */,
				375E9D9428797E8600A76022 /* AnswerRow.swift in Sources */,
				378D973D2876BB3C00BDE4FA /* QuizAppApp.swift in Sources */,
				375E9D982879989200A76022 /* Trivia.swift in Sources */,
				3727773F287964FC0031B47D /* Extension.swift in Sources */,
				37277736287812040031B47D /* QuizCompletedView.swift in Sources */,
				375E9D9228797D9600A76022 /* Answer.swift in Sources */,
				375E9D8D287969EC00A76022 /* QuestionView.swift in Sources */,
				3727773D28795E0C0031B47D /* TriviaContentView.swift in Sources */,
				3727773A287958990031B47D /* PrimaryButton.swift in Sources */,
				375E9D8F28796C1100A76022 /* ProgressBar.swift in Sources */,
				375E9D962879942D00A76022 /* TriviaView.swift in Sources */,
				37B189702881B23B000A3411 /* BottomText.swift in Sources */,
				378D97502877159F00BDE4FA /* ReuseableText.swift in Sources */,
				3776095828814788004AEA7E /* SwiftUIContentView.swift in Sources */,
				375545FE287DC8DF007B6AA5 /* QuizTestContentView.swift in Sources */,
			);
			runOnlyForDeploymentPostprocessing = 0;
		};
/* End PBXSourcesBuildPhase section */

/* Begin XCBuildConfiguration section */
		378D97452876BB3E00BDE4FA /* Debug */ = {
			isa = XCBuildConfiguration;
			buildSettings = {
				ALWAYS_SEARCH_USER_PATHS = NO;
				CLANG_ANALYZER_NONNULL = YES;
				CLANG_ANALYZER_NUMBER_OBJECT_CONVERSION = YES_AGGRESSIVE;
				CLANG_CXX_LANGUAGE_STANDARD = "gnu++17";
				CLANG_ENABLE_MODULES = YES;
				CLANG_ENABLE_OBJC_ARC = YES;
				CLANG_ENABLE_OBJC_WEAK = YES;
				CLANG_WARN_BLOCK_CAPTURE_AUTORELEASING = YES;
				CLANG_WARN_BOOL_CONVERSION = YES;
				CLANG_WARN_COMMA = YES;
				CLANG_WARN_CONSTANT_CONVERSION = YES;
				CLANG_WARN_DEPRECATED_OBJC_IMPLEMENTATIONS = YES;
				CLANG_WARN_DIRECT_OBJC_ISA_USAGE = YES_ERROR;
				CLANG_WARN_DOCUMENTATION_COMMENTS = YES;
				CLANG_WARN_EMPTY_BODY = YES;
				CLANG_WARN_ENUM_CONVERSION = YES;
				CLANG_WARN_INFINITE_RECURSION = YES;
				CLANG_WARN_INT_CONVERSION = YES;
				CLANG_WARN_NON_LITERAL_NULL_CONVERSION = YES;
				CLANG_WARN_OBJC_IMPLICIT_RETAIN_SELF = YES;
				CLANG_WARN_OBJC_LITERAL_CONVERSION = YES;
				CLANG_WARN_OBJC_ROOT_CLASS = YES_ERROR;
				CLANG_WARN_QUOTED_INCLUDE_IN_FRAMEWORK_HEADER = YES;
				CLANG_WARN_RANGE_LOOP_ANALYSIS = YES;
				CLANG_WARN_STRICT_PROTOTYPES = YES;
				CLANG_WARN_SUSPICIOUS_MOVE = YES;
				CLANG_WARN_UNGUARDED_AVAILABILITY = YES_AGGRESSIVE;
				CLANG_WARN_UNREACHABLE_CODE = YES;
				CLANG_WARN__DUPLICATE_METHOD_MATCH = YES;
				COPY_PHASE_STRIP = NO;
				DEBUG_INFORMATION_FORMAT = dwarf;
				ENABLE_STRICT_OBJC_MSGSEND = YES;
				ENABLE_TESTABILITY = YES;
				GCC_C_LANGUAGE_STANDARD = gnu11;
				GCC_DYNAMIC_NO_PIC = NO;
				GCC_NO_COMMON_BLOCKS = YES;
				GCC_OPTIMIZATION_LEVEL = 0;
				GCC_PREPROCESSOR_DEFINITIONS = (
					"DEBUG=1",
					"$(inherited)",
				);
				GCC_WARN_64_TO_32_BIT_CONVERSION = YES;
				GCC_WARN_ABOUT_RETURN_TYPE = YES_ERROR;
				GCC_WARN_UNDECLARED_SELECTOR = YES;
				GCC_WARN_UNINITIALIZED_AUTOS = YES_AGGRESSIVE;
				GCC_WARN_UNUSED_FUNCTION = YES;
				GCC_WARN_UNUSED_VARIABLE = YES;
				IPHONEOS_DEPLOYMENT_TARGET = 15.5;
				MTL_ENABLE_DEBUG_INFO = INCLUDE_SOURCE;
				MTL_FAST_MATH = YES;
				ONLY_ACTIVE_ARCH = YES;
				SDKROOT = iphoneos;
				SWIFT_ACTIVE_COMPILATION_CONDITIONS = DEBUG;
				SWIFT_OPTIMIZATION_LEVEL = "-Onone";
			};
			name = Debug;
		};
		378D97462876BB3E00BDE4FA /* Release */ = {
			isa = XCBuildConfiguration;
			buildSettings = {
				ALWAYS_SEARCH_USER_PATHS = NO;
				CLANG_ANALYZER_NONNULL = YES;
				CLANG_ANALYZER_NUMBER_OBJECT_CONVERSION = YES_AGGRESSIVE;
				CLANG_CXX_LANGUAGE_STANDARD = "gnu++17";
				CLANG_ENABLE_MODULES = YES;
				CLANG_ENABLE_OBJC_ARC = YES;
				CLANG_ENABLE_OBJC_WEAK = YES;
				CLANG_WARN_BLOCK_CAPTURE_AUTORELEASING = YES;
				CLANG_WARN_BOOL_CONVERSION = YES;
				CLANG_WARN_COMMA = YES;
				CLANG_WARN_CONSTANT_CONVERSION = YES;
				CLANG_WARN_DEPRECATED_OBJC_IMPLEMENTATIONS = YES;
				CLANG_WARN_DIRECT_OBJC_ISA_USAGE = YES_ERROR;
				CLANG_WARN_DOCUMENTATION_COMMENTS = YES;
				CLANG_WARN_EMPTY_BODY = YES;
				CLANG_WARN_ENUM_CONVERSION = YES;
				CLANG_WARN_INFINITE_RECURSION = YES;
				CLANG_WARN_INT_CONVERSION = YES;
				CLANG_WARN_NON_LITERAL_NULL_CONVERSION = YES;
				CLANG_WARN_OBJC_IMPLICIT_RETAIN_SELF = YES;
				CLANG_WARN_OBJC_LITERAL_CONVERSION = YES;
				CLANG_WARN_OBJC_ROOT_CLASS = YES_ERROR;
				CLANG_WARN_QUOTED_INCLUDE_IN_FRAMEWORK_HEADER = YES;
				CLANG_WARN_RANGE_LOOP_ANALYSIS = YES;
				CLANG_WARN_STRICT_PROTOTYPES = YES;
				CLANG_WARN_SUSPICIOUS_MOVE = YES;
				CLANG_WARN_UNGUARDED_AVAILABILITY = YES_AGGRESSIVE;
				CLANG_WARN_UNREACHABLE_CODE = YES;
				CLANG_WARN__DUPLICATE_METHOD_MATCH = YES;
				COPY_PHASE_STRIP = NO;
				DEBUG_INFORMATION_FORMAT = "dwarf-with-dsym";
				ENABLE_NS_ASSERTIONS = NO;
				ENABLE_STRICT_OBJC_MSGSEND = YES;
				GCC_C_LANGUAGE_STANDARD = gnu11;
				GCC_NO_COMMON_BLOCKS = YES;
				GCC_WARN_64_TO_32_BIT_CONVERSION = YES;
				GCC_WARN_ABOUT_RETURN_TYPE = YES_ERROR;
				GCC_WARN_UNDECLARED_SELECTOR = YES;
				GCC_WARN_UNINITIALIZED_AUTOS = YES_AGGRESSIVE;
				GCC_WARN_UNUSED_FUNCTION = YES;
				GCC_WARN_UNUSED_VARIABLE = YES;
				IPHONEOS_DEPLOYMENT_TARGET = 15.5;
				MTL_ENABLE_DEBUG_INFO = NO;
				MTL_FAST_MATH = YES;
				SDKROOT = iphoneos;
				SWIFT_COMPILATION_MODE = wholemodule;
				SWIFT_OPTIMIZATION_LEVEL = "-O";
				VALIDATE_PRODUCT = YES;
			};
			name = Release;
		};
		378D97482876BB3E00BDE4FA /* Debug */ = {
			isa = XCBuildConfiguration;
			buildSettings = {
				ASSETCATALOG_COMPILER_APPICON_NAME = AppIcon;
				ASSETCATALOG_COMPILER_GLOBAL_ACCENT_COLOR_NAME = AccentColor;
				CODE_SIGN_STYLE = Automatic;
				CURRENT_PROJECT_VERSION = 1;
				DEVELOPMENT_ASSET_PATHS = "\"QuizApp/Preview Content\"";
				DEVELOPMENT_TEAM = 37P2V26KZ2;
				ENABLE_PREVIEWS = YES;
				GENERATE_INFOPLIST_FILE = YES;
				INFOPLIST_KEY_UIApplicationSceneManifest_Generation = YES;
				INFOPLIST_KEY_UIApplicationSupportsIndirectInputEvents = YES;
				INFOPLIST_KEY_UILaunchScreen_Generation = YES;
				INFOPLIST_KEY_UISupportedInterfaceOrientations_iPad = "UIInterfaceOrientationPortrait UIInterfaceOrientationPortraitUpsideDown UIInterfaceOrientationLandscapeLeft UIInterfaceOrientationLandscapeRight";
				INFOPLIST_KEY_UISupportedInterfaceOrientations_iPhone = "UIInterfaceOrientationPortrait UIInterfaceOrientationLandscapeLeft UIInterfaceOrientationLandscapeRight";
				LD_RUNPATH_SEARCH_PATHS = (
					"$(inherited)",
					"@executable_path/Frameworks",
				);
				MARKETING_VERSION = 1.0;
				PRODUCT_BUNDLE_IDENTIFIER = "jannatun-nahar-papia.QuizApp";
				PRODUCT_NAME = "$(TARGET_NAME)";
				SWIFT_EMIT_LOC_STRINGS = YES;
				SWIFT_VERSION = 5.0;
				TARGETED_DEVICE_FAMILY = "1,2";
			};
			name = Debug;
		};
		378D97492876BB3E00BDE4FA /* Release */ = {
			isa = XCBuildConfiguration;
			buildSettings = {
				ASSETCATALOG_COMPILER_APPICON_NAME = AppIcon;
				ASSETCATALOG_COMPILER_GLOBAL_ACCENT_COLOR_NAME = AccentColor;
				CODE_SIGN_STYLE = Automatic;
				CURRENT_PROJECT_VERSION = 1;
				DEVELOPMENT_ASSET_PATHS = "\"QuizApp/Preview Content\"";
				DEVELOPMENT_TEAM = 37P2V26KZ2;
				ENABLE_PREVIEWS = YES;
				GENERATE_INFOPLIST_FILE = YES;
				INFOPLIST_KEY_UIApplicationSceneManifest_Generation = YES;
				INFOPLIST_KEY_UIApplicationSupportsIndirectInputEvents = YES;
				INFOPLIST_KEY_UILaunchScreen_Generation = YES;
				INFOPLIST_KEY_UISupportedInterfaceOrientations_iPad = "UIInterfaceOrientationPortrait UIInterfaceOrientationPortraitUpsideDown UIInterfaceOrientationLandscapeLeft UIInterfaceOrientationLandscapeRight";
				INFOPLIST_KEY_UISupportedInterfaceOrientations_iPhone = "UIInterfaceOrientationPortrait UIInterfaceOrientationLandscapeLeft UIInterfaceOrientationLandscapeRight";
				LD_RUNPATH_SEARCH_PATHS = (
					"$(inherited)",
					"@executable_path/Frameworks",
				);
				MARKETING_VERSION = 1.0;
				PRODUCT_BUNDLE_IDENTIFIER = "jannatun-nahar-papia.QuizApp";
				PRODUCT_NAME = "$(TARGET_NAME)";
				SWIFT_EMIT_LOC_STRINGS = YES;
				SWIFT_VERSION = 5.0;
				TARGETED_DEVICE_FAMILY = "1,2";
			};
			name = Release;
		};
/* End XCBuildConfiguration section */

/* Begin XCConfigurationList section */
		378D97342876BB3C00BDE4FA /* Build configuration list for PBXProject "QuizApp" */ = {
			isa = XCConfigurationList;
			buildConfigurations = (
				378D97452876BB3E00BDE4FA /* Debug */,
				378D97462876BB3E00BDE4FA /* Release */,
			);
			defaultConfigurationIsVisible = 0;
			defaultConfigurationName = Release;
		};
		378D97472876BB3E00BDE4FA /* Build configuration list for PBXNativeTarget "QuizApp" */ = {
			isa = XCConfigurationList;
			buildConfigurations = (
				378D97482876BB3E00BDE4FA /* Debug */,
				378D97492876BB3E00BDE4FA /* Release */,
			);
			defaultConfigurationIsVisible = 0;
			defaultConfigurationName = Release;
		};
/* End XCConfigurationList section */
	};
	rootObject = 378D97312876BB3C00BDE4FA /* Project object */;
}
